// !$*UTF8*$!
{
	archiveVersion = 1;
	classes = {
	};
	objectVersion = 51;
	objects = {

/* Begin PBXBuildFile section */
		6637F74028106E6C00A7DE84 /* LinearGradientBackgroundView.swift in Sources */ = {isa = PBXBuildFile; fileRef = 6637F73F28106E6C00A7DE84 /* LinearGradientBackgroundView.swift */; };
		6637F74228111F9E00A7DE84 /* EndOfGameView.swift in Sources */ = {isa = PBXBuildFile; fileRef = 6637F74128111F9E00A7DE84 /* EndOfGameView.swift */; };
		6637F7442811275100A7DE84 /* SwimmingFishView.swift in Sources */ = {isa = PBXBuildFile; fileRef = 6637F7432811275100A7DE84 /* SwimmingFishView.swift */; };
		6637F74728112CD400A7DE84 /* StoreManager.swift in Sources */ = {isa = PBXBuildFile; fileRef = 6637F74628112CD400A7DE84 /* StoreManager.swift */; };
		6637F74928112D0900A7DE84 /* InAppStorePurchaseView.swift in Sources */ = {isa = PBXBuildFile; fileRef = 6637F74828112D0900A7DE84 /* InAppStorePurchaseView.swift */; };
		6637F74C28112E8300A7DE84 /* PlaySound.swift in Sources */ = {isa = PBXBuildFile; fileRef = 6637F74B28112E8300A7DE84 /* PlaySound.swift */; };
		6637F74E28112EDC00A7DE84 /* Bell.mp3 in Resources */ = {isa = PBXBuildFile; fileRef = 6637F74D28112EDC00A7DE84 /* Bell.mp3 */; };
		6637F7502812040B00A7DE84 /* BannerView.swift in Sources */ = {isa = PBXBuildFile; fileRef = 6637F74F2812040B00A7DE84 /* BannerView.swift */; };
		6664B55E280DC3A90045E6F1 /* RulesView.swift in Sources */ = {isa = PBXBuildFile; fileRef = 6664B55D280DC3A90045E6F1 /* RulesView.swift */; };
		66AFC1DA28050A6700CB0B1F /* PreviewProvider.swift in Sources */ = {isa = PBXBuildFile; fileRef = 66AFC1D928050A6700CB0B1F /* PreviewProvider.swift */; };
		66EADD1A27EF9FD500F67168 /* hBowlApp.swift in Sources */ = {isa = PBXBuildFile; fileRef = 66EADD1927EF9FD500F67168 /* hBowlApp.swift */; };
		66EADD1C27EF9FD500F67168 /* HomeView.swift in Sources */ = {isa = PBXBuildFile; fileRef = 66EADD1B27EF9FD500F67168 /* HomeView.swift */; };
		66EADD1E27EF9FD600F67168 /* Assets.xcassets in Resources */ = {isa = PBXBuildFile; fileRef = 66EADD1D27EF9FD600F67168 /* Assets.xcassets */; };
		66EADD2127EF9FD600F67168 /* Preview Assets.xcassets in Resources */ = {isa = PBXBuildFile; fileRef = 66EADD2027EF9FD600F67168 /* Preview Assets.xcassets */; };
		66EADD2B27EF9FFA00F67168 /* GameModels.swift in Sources */ = {isa = PBXBuildFile; fileRef = 66EADD2A27EF9FFA00F67168 /* GameModels.swift */; };
		66EADD2D27EFA58600F67168 /* HomeViewModel.swift in Sources */ = {isa = PBXBuildFile; fileRef = 66EADD2C27EFA58600F67168 /* HomeViewModel.swift */; };
		66EADD2F27EFA71E00F67168 /* GameSettingsView.swift in Sources */ = {isa = PBXBuildFile; fileRef = 66EADD2E27EFA71E00F67168 /* GameSettingsView.swift */; };
		66EADD3427F2351800F67168 /* TeamView.swift in Sources */ = {isa = PBXBuildFile; fileRef = 66EADD3327F2351800F67168 /* TeamView.swift */; };
		66EADD3827F4D11400F67168 /* GameView.swift in Sources */ = {isa = PBXBuildFile; fileRef = 66EADD3727F4D11400F67168 /* GameView.swift */; };
		66EADD3E27FBF5EC00F67168 /* GameViewModel.swift in Sources */ = {isa = PBXBuildFile; fileRef = 66EADD3D27FBF5EC00F67168 /* GameViewModel.swift */; };
		66EADD4127FD37D100F67168 /* Color.swift in Sources */ = {isa = PBXBuildFile; fileRef = 66EADD4027FD37D100F67168 /* Color.swift */; };
		76DFAE247E979B7A66A7A37B /* Pods_hBowl.framework in Frameworks */ = {isa = PBXBuildFile; fileRef = 343A77D6A42E05EA4F3BDEA3 /* Pods_hBowl.framework */; };
/* End PBXBuildFile section */

/* Begin PBXFileReference section */
		343A77D6A42E05EA4F3BDEA3 /* Pods_hBowl.framework */ = {isa = PBXFileReference; explicitFileType = wrapper.framework; includeInIndex = 0; path = Pods_hBowl.framework; sourceTree = BUILT_PRODUCTS_DIR; };
		6637F73F28106E6C00A7DE84 /* LinearGradientBackgroundView.swift */ = {isa = PBXFileReference; lastKnownFileType = sourcecode.swift; path = LinearGradientBackgroundView.swift; sourceTree = "<group>"; };
		6637F74128111F9E00A7DE84 /* EndOfGameView.swift */ = {isa = PBXFileReference; lastKnownFileType = sourcecode.swift; path = EndOfGameView.swift; sourceTree = "<group>"; };
		6637F7432811275100A7DE84 /* SwimmingFishView.swift */ = {isa = PBXFileReference; lastKnownFileType = sourcecode.swift; path = SwimmingFishView.swift; sourceTree = "<group>"; };
		6637F74628112CD400A7DE84 /* StoreManager.swift */ = {isa = PBXFileReference; lastKnownFileType = sourcecode.swift; path = StoreManager.swift; sourceTree = "<group>"; };
		6637F74828112D0900A7DE84 /* InAppStorePurchaseView.swift */ = {isa = PBXFileReference; lastKnownFileType = sourcecode.swift; path = InAppStorePurchaseView.swift; sourceTree = "<group>"; };
		6637F74B28112E8300A7DE84 /* PlaySound.swift */ = {isa = PBXFileReference; lastKnownFileType = sourcecode.swift; path = PlaySound.swift; sourceTree = "<group>"; };
		6637F74D28112EDC00A7DE84 /* Bell.mp3 */ = {isa = PBXFileReference; lastKnownFileType = audio.mp3; path = Bell.mp3; sourceTree = "<group>"; };
		6637F74F2812040B00A7DE84 /* BannerView.swift */ = {isa = PBXFileReference; lastKnownFileType = sourcecode.swift; path = BannerView.swift; sourceTree = "<group>"; };
		6664B55D280DC3A90045E6F1 /* RulesView.swift */ = {isa = PBXFileReference; lastKnownFileType = sourcecode.swift; path = RulesView.swift; sourceTree = "<group>"; };
		66AFC1D928050A6700CB0B1F /* PreviewProvider.swift */ = {isa = PBXFileReference; lastKnownFileType = sourcecode.swift; path = PreviewProvider.swift; sourceTree = "<group>"; };
		66EADD1627EF9FD500F67168 /* hBowl.app */ = {isa = PBXFileReference; explicitFileType = wrapper.application; includeInIndex = 0; path = hBowl.app; sourceTree = BUILT_PRODUCTS_DIR; };
		66EADD1927EF9FD500F67168 /* hBowlApp.swift */ = {isa = PBXFileReference; lastKnownFileType = sourcecode.swift; path = hBowlApp.swift; sourceTree = "<group>"; };
		66EADD1B27EF9FD500F67168 /* HomeView.swift */ = {isa = PBXFileReference; lastKnownFileType = sourcecode.swift; path = HomeView.swift; sourceTree = "<group>"; };
		66EADD1D27EF9FD600F67168 /* Assets.xcassets */ = {isa = PBXFileReference; lastKnownFileType = folder.assetcatalog; path = Assets.xcassets; sourceTree = "<group>"; };
		66EADD2027EF9FD600F67168 /* Preview Assets.xcassets */ = {isa = PBXFileReference; lastKnownFileType = folder.assetcatalog; path = "Preview Assets.xcassets"; sourceTree = "<group>"; };
		66EADD2227EF9FD600F67168 /* Info.plist */ = {isa = PBXFileReference; lastKnownFileType = text.plist.xml; path = Info.plist; sourceTree = "<group>"; };
		66EADD2A27EF9FFA00F67168 /* GameModels.swift */ = {isa = PBXFileReference; lastKnownFileType = sourcecode.swift; path = GameModels.swift; sourceTree = "<group>"; };
		66EADD2C27EFA58600F67168 /* HomeViewModel.swift */ = {isa = PBXFileReference; lastKnownFileType = sourcecode.swift; path = HomeViewModel.swift; sourceTree = "<group>"; };
		66EADD2E27EFA71E00F67168 /* GameSettingsView.swift */ = {isa = PBXFileReference; lastKnownFileType = sourcecode.swift; path = GameSettingsView.swift; sourceTree = "<group>"; };
		66EADD3327F2351800F67168 /* TeamView.swift */ = {isa = PBXFileReference; lastKnownFileType = sourcecode.swift; path = TeamView.swift; sourceTree = "<group>"; };
		66EADD3727F4D11400F67168 /* GameView.swift */ = {isa = PBXFileReference; lastKnownFileType = sourcecode.swift; path = GameView.swift; sourceTree = "<group>"; };
		66EADD3D27FBF5EC00F67168 /* GameViewModel.swift */ = {isa = PBXFileReference; lastKnownFileType = sourcecode.swift; path = GameViewModel.swift; sourceTree = "<group>"; };
		66EADD4027FD37D100F67168 /* Color.swift */ = {isa = PBXFileReference; lastKnownFileType = sourcecode.swift; path = Color.swift; sourceTree = "<group>"; };
		97664F09D27D30CF14451FB3 /* Pods-hBowl.debug.xcconfig */ = {isa = PBXFileReference; includeInIndex = 1; lastKnownFileType = text.xcconfig; name = "Pods-hBowl.debug.xcconfig"; path = "Target Support Files/Pods-hBowl/Pods-hBowl.debug.xcconfig"; sourceTree = "<group>"; };
		AC7DB567B5ECB8574D6DD485 /* Pods-hBowl.release.xcconfig */ = {isa = PBXFileReference; includeInIndex = 1; lastKnownFileType = text.xcconfig; name = "Pods-hBowl.release.xcconfig"; path = "Target Support Files/Pods-hBowl/Pods-hBowl.release.xcconfig"; sourceTree = "<group>"; };
/* End PBXFileReference section */

/* Begin PBXFrameworksBuildPhase section */
		66EADD1327EF9FD500F67168 /* Frameworks */ = {
			isa = PBXFrameworksBuildPhase;
			buildActionMask = 2147483647;
			files = (
				76DFAE247E979B7A66A7A37B /* Pods_hBowl.framework in Frameworks */,
			);
			runOnlyForDeploymentPostprocessing = 0;
		};
/* End PBXFrameworksBuildPhase section */

/* Begin PBXGroup section */
		5CA01A80679A6E63B62A93C9 /* Frameworks */ = {
			isa = PBXGroup;
			children = (
				343A77D6A42E05EA4F3BDEA3 /* Pods_hBowl.framework */,
			);
			name = Frameworks;
			sourceTree = "<group>";
		};
		6637F74528112CBB00A7DE84 /* Monetizing */ = {
			isa = PBXGroup;
			children = (
				6637F74628112CD400A7DE84 /* StoreManager.swift */,
				6637F74828112D0900A7DE84 /* InAppStorePurchaseView.swift */,
				6637F74F2812040B00A7DE84 /* BannerView.swift */,
			);
			path = Monetizing;
			sourceTree = "<group>";
		};
		6637F74A28112E7300A7DE84 /* Sounds */ = {
			isa = PBXGroup;
			children = (
				6637F74B28112E8300A7DE84 /* PlaySound.swift */,
				6637F74D28112EDC00A7DE84 /* Bell.mp3 */,
			);
			path = Sounds;
			sourceTree = "<group>";
		};
		6664B55C280DC39E0045E6F1 /* Rules */ = {
			isa = PBXGroup;
			children = (
				6664B55D280DC3A90045E6F1 /* RulesView.swift */,
			);
			path = Rules;
			sourceTree = "<group>";
		};
		66EADD0D27EF9FD500F67168 = {
			isa = PBXGroup;
			children = (
				66EADD1827EF9FD500F67168 /* hBowl */,
				66EADD1727EF9FD500F67168 /* Products */,
				7B9F57B2ECFC509D557ECEAA /* Pods */,
				5CA01A80679A6E63B62A93C9 /* Frameworks */,
			);
			sourceTree = "<group>";
		};
		66EADD1727EF9FD500F67168 /* Products */ = {
			isa = PBXGroup;
			children = (
				66EADD1627EF9FD500F67168 /* hBowl.app */,
			);
			name = Products;
			sourceTree = "<group>";
		};
		66EADD1827EF9FD500F67168 /* hBowl */ = {
			isa = PBXGroup;
			children = (
				66EADD1927EF9FD500F67168 /* hBowlApp.swift */,
				66EADD3F27FD37C900F67168 /* Extensions */,
				6637F74528112CBB00A7DE84 /* Monetizing */,
				6637F74A28112E7300A7DE84 /* Sounds */,
				66EADD2927EF9FE100F67168 /* Core */,
				66EADD2827EF9FDA00F67168 /* Models */,
				66EADD1D27EF9FD600F67168 /* Assets.xcassets */,
				66EADD2227EF9FD600F67168 /* Info.plist */,
				66EADD1F27EF9FD600F67168 /* Preview Content */,
			);
			path = hBowl;
			sourceTree = "<group>";
		};
		66EADD1F27EF9FD600F67168 /* Preview Content */ = {
			isa = PBXGroup;
			children = (
				66EADD2027EF9FD600F67168 /* Preview Assets.xcassets */,
			);
			path = "Preview Content";
			sourceTree = "<group>";
		};
		66EADD2827EF9FDA00F67168 /* Models */ = {
			isa = PBXGroup;
			children = (
				66EADD2A27EF9FFA00F67168 /* GameModels.swift */,
			);
			path = Models;
			sourceTree = "<group>";
		};
		66EADD2927EF9FE100F67168 /* Core */ = {
			isa = PBXGroup;
			children = (
				6664B55C280DC39E0045E6F1 /* Rules */,
				66EADD3A27FBF5B000F67168 /* Game */,
				66EADD3927FBF59B00F67168 /* Home */,
				66EADD3227F2350A00F67168 /* Components */,
			);
			path = Core;
			sourceTree = "<group>";
		};
		66EADD3027F0CE7700F67168 /* Views */ = {
			isa = PBXGroup;
			children = (
				66EADD1B27EF9FD500F67168 /* HomeView.swift */,
				66EADD2E27EFA71E00F67168 /* GameSettingsView.swift */,
			);
			path = Views;
			sourceTree = "<group>";
		};
		66EADD3127F0CE7D00F67168 /* ViewModels */ = {
			isa = PBXGroup;
			children = (
				66EADD2C27EFA58600F67168 /* HomeViewModel.swift */,
			);
			path = ViewModels;
			sourceTree = "<group>";
		};
		66EADD3227F2350A00F67168 /* Components */ = {
			isa = PBXGroup;
			children = (
				66EADD3327F2351800F67168 /* TeamView.swift */,
				6637F73F28106E6C00A7DE84 /* LinearGradientBackgroundView.swift */,
				6637F7432811275100A7DE84 /* SwimmingFishView.swift */,
			);
			path = Components;
			sourceTree = "<group>";
		};
		66EADD3927FBF59B00F67168 /* Home */ = {
			isa = PBXGroup;
			children = (
				66EADD3127F0CE7D00F67168 /* ViewModels */,
				66EADD3027F0CE7700F67168 /* Views */,
			);
			path = Home;
			sourceTree = "<group>";
		};
		66EADD3A27FBF5B000F67168 /* Game */ = {
			isa = PBXGroup;
			children = (
				66EADD3C27FBF5D400F67168 /* ViewModels */,
				66EADD3B27FBF5CF00F67168 /* Views */,
			);
			path = Game;
			sourceTree = "<group>";
		};
		66EADD3B27FBF5CF00F67168 /* Views */ = {
			isa = PBXGroup;
			children = (
				66EADD3727F4D11400F67168 /* GameView.swift */,
				6637F74128111F9E00A7DE84 /* EndOfGameView.swift */,
			);
			path = Views;
			sourceTree = "<group>";
		};
		66EADD3C27FBF5D400F67168 /* ViewModels */ = {
			isa = PBXGroup;
			children = (
				66EADD3D27FBF5EC00F67168 /* GameViewModel.swift */,
			);
			path = ViewModels;
			sourceTree = "<group>";
		};
		66EADD3F27FD37C900F67168 /* Extensions */ = {
			isa = PBXGroup;
			children = (
				66EADD4027FD37D100F67168 /* Color.swift */,
				66AFC1D928050A6700CB0B1F /* PreviewProvider.swift */,
			);
			path = Extensions;
			sourceTree = "<group>";
		};
		7B9F57B2ECFC509D557ECEAA /* Pods */ = {
			isa = PBXGroup;
			children = (
				97664F09D27D30CF14451FB3 /* Pods-hBowl.debug.xcconfig */,
				AC7DB567B5ECB8574D6DD485 /* Pods-hBowl.release.xcconfig */,
			);
			path = Pods;
			sourceTree = "<group>";
		};
/* End PBXGroup section */

/* Begin PBXNativeTarget section */
		66EADD1527EF9FD500F67168 /* hBowl */ = {
			isa = PBXNativeTarget;
			buildConfigurationList = 66EADD2527EF9FD600F67168 /* Build configuration list for PBXNativeTarget "hBowl" */;
			buildPhases = (
				606EAF69A7C8B6DB7DE59801 /* [CP] Check Pods Manifest.lock */,
				66EADD1227EF9FD500F67168 /* Sources */,
				66EADD1327EF9FD500F67168 /* Frameworks */,
				66EADD1427EF9FD500F67168 /* Resources */,
				E4FA31FF369259D534766D28 /* [CP] Embed Pods Frameworks */,
			);
			buildRules = (
			);
			dependencies = (
			);
			name = hBowl;
			productName = hBowl;
			productReference = 66EADD1627EF9FD500F67168 /* hBowl.app */;
			productType = "com.apple.product-type.application";
		};
/* End PBXNativeTarget section */

/* Begin PBXProject section */
		66EADD0E27EF9FD500F67168 /* Project object */ = {
			isa = PBXProject;
			attributes = {
				LastSwiftUpdateCheck = 1250;
				LastUpgradeCheck = 1250;
				TargetAttributes = {
					66EADD1527EF9FD500F67168 = {
						CreatedOnToolsVersion = 12.5.1;
					};
				};
			};
			buildConfigurationList = 66EADD1127EF9FD500F67168 /* Build configuration list for PBXProject "hBowl" */;
			compatibilityVersion = "Xcode 9.3";
			developmentRegion = en;
			hasScannedForEncodings = 0;
			knownRegions = (
				en,
				Base,
			);
			mainGroup = 66EADD0D27EF9FD500F67168;
			productRefGroup = 66EADD1727EF9FD500F67168 /* Products */;
			projectDirPath = "";
			projectRoot = "";
			targets = (
				66EADD1527EF9FD500F67168 /* hBowl */,
			);
		};
/* End PBXProject section */

/* Begin PBXResourcesBuildPhase section */
		66EADD1427EF9FD500F67168 /* Resources */ = {
			isa = PBXResourcesBuildPhase;
			buildActionMask = 2147483647;
			files = (
				6637F74E28112EDC00A7DE84 /* Bell.mp3 in Resources */,
				66EADD2127EF9FD600F67168 /* Preview Assets.xcassets in Resources */,
				66EADD1E27EF9FD600F67168 /* Assets.xcassets in Resources */,
			);
			runOnlyForDeploymentPostprocessing = 0;
		};
/* End PBXResourcesBuildPhase section */

/* Begin PBXShellScriptBuildPhase section */
		606EAF69A7C8B6DB7DE59801 /* [CP] Check Pods Manifest.lock */ = {
			isa = PBXShellScriptBuildPhase;
			buildActionMask = 2147483647;
			files = (
			);
			inputFileListPaths = (
			);
			inputPaths = (
				"${PODS_PODFILE_DIR_PATH}/Podfile.lock",
				"${PODS_ROOT}/Manifest.lock",
			);
			name = "[CP] Check Pods Manifest.lock";
			outputFileListPaths = (
			);
			outputPaths = (
				"$(DERIVED_FILE_DIR)/Pods-hBowl-checkManifestLockResult.txt",
			);
			runOnlyForDeploymentPostprocessing = 0;
			shellPath = /bin/sh;
			shellScript = "diff \"${PODS_PODFILE_DIR_PATH}/Podfile.lock\" \"${PODS_ROOT}/Manifest.lock\" > /dev/null\nif [ $? != 0 ] ; then\n    # print error to STDERR\n    echo \"error: The sandbox is not in sync with the Podfile.lock. Run 'pod install' or update your CocoaPods installation.\" >&2\n    exit 1\nfi\n# This output is used by Xcode 'outputs' to avoid re-running this script phase.\necho \"SUCCESS\" > \"${SCRIPT_OUTPUT_FILE_0}\"\n";
			showEnvVarsInLog = 0;
		};
		E4FA31FF369259D534766D28 /* [CP] Embed Pods Frameworks */ = {
			isa = PBXShellScriptBuildPhase;
			buildActionMask = 2147483647;
			files = (
			);
			inputFileListPaths = (
				"${PODS_ROOT}/Target Support Files/Pods-hBowl/Pods-hBowl-frameworks-${CONFIGURATION}-input-files.xcfilelist",
			);
			name = "[CP] Embed Pods Frameworks";
			outputFileListPaths = (
				"${PODS_ROOT}/Target Support Files/Pods-hBowl/Pods-hBowl-frameworks-${CONFIGURATION}-output-files.xcfilelist",
			);
			runOnlyForDeploymentPostprocessing = 0;
			shellPath = /bin/sh;
			shellScript = "\"${PODS_ROOT}/Target Support Files/Pods-hBowl/Pods-hBowl-frameworks.sh\"\n";
			showEnvVarsInLog = 0;
		};
/* End PBXShellScriptBuildPhase section */

/* Begin PBXSourcesBuildPhase section */
		66EADD1227EF9FD500F67168 /* Sources */ = {
			isa = PBXSourcesBuildPhase;
			buildActionMask = 2147483647;
			files = (
				66EADD1C27EF9FD500F67168 /* HomeView.swift in Sources */,
				6637F74028106E6C00A7DE84 /* LinearGradientBackgroundView.swift in Sources */,
				66EADD2B27EF9FFA00F67168 /* GameModels.swift in Sources */,
				6637F7442811275100A7DE84 /* SwimmingFishView.swift in Sources */,
				6637F74928112D0900A7DE84 /* InAppStorePurchaseView.swift in Sources */,
				66EADD1A27EF9FD500F67168 /* hBowlApp.swift in Sources */,
				66EADD2F27EFA71E00F67168 /* GameSettingsView.swift in Sources */,
				6637F74228111F9E00A7DE84 /* EndOfGameView.swift in Sources */,
				66EADD3E27FBF5EC00F67168 /* GameViewModel.swift in Sources */,
				6664B55E280DC3A90045E6F1 /* RulesView.swift in Sources */,
				66EADD2D27EFA58600F67168 /* HomeViewModel.swift in Sources */,
				66EADD3427F2351800F67168 /* TeamView.swift in Sources */,
				66EADD3827F4D11400F67168 /* GameView.swift in Sources */,
				6637F74728112CD400A7DE84 /* StoreManager.swift in Sources */,
				6637F7502812040B00A7DE84 /* BannerView.swift in Sources */,
				66EADD4127FD37D100F67168 /* Color.swift in Sources */,
				66AFC1DA28050A6700CB0B1F /* PreviewProvider.swift in Sources */,
				6637F74C28112E8300A7DE84 /* PlaySound.swift in Sources */,
			);
			runOnlyForDeploymentPostprocessing = 0;
		};
/* End PBXSourcesBuildPhase section */

/* Begin XCBuildConfiguration section */
		66EADD2327EF9FD600F67168 /* Debug */ = {
			isa = XCBuildConfiguration;
			buildSettings = {
				ALWAYS_SEARCH_USER_PATHS = NO;
				CLANG_ANALYZER_NONNULL = YES;
				CLANG_ANALYZER_NUMBER_OBJECT_CONVERSION = YES_AGGRESSIVE;
				CLANG_CXX_LANGUAGE_STANDARD = "gnu++14";
				CLANG_CXX_LIBRARY = "libc++";
				CLANG_ENABLE_MODULES = YES;
				CLANG_ENABLE_OBJC_ARC = YES;
				CLANG_ENABLE_OBJC_WEAK = YES;
				CLANG_WARN_BLOCK_CAPTURE_AUTORELEASING = YES;
				CLANG_WARN_BOOL_CONVERSION = YES;
				CLANG_WARN_COMMA = YES;
				CLANG_WARN_CONSTANT_CONVERSION = YES;
				CLANG_WARN_DEPRECATED_OBJC_IMPLEMENTATIONS = YES;
				CLANG_WARN_DIRECT_OBJC_ISA_USAGE = YES_ERROR;
				CLANG_WARN_DOCUMENTATION_COMMENTS = YES;
				CLANG_WARN_EMPTY_BODY = YES;
				CLANG_WARN_ENUM_CONVERSION = YES;
				CLANG_WARN_INFINITE_RECURSION = YES;
				CLANG_WARN_INT_CONVERSION = YES;
				CLANG_WARN_NON_LITERAL_NULL_CONVERSION = YES;
				CLANG_WARN_OBJC_IMPLICIT_RETAIN_SELF = YES;
				CLANG_WARN_OBJC_LITERAL_CONVERSION = YES;
				CLANG_WARN_OBJC_ROOT_CLASS = YES_ERROR;
				CLANG_WARN_QUOTED_INCLUDE_IN_FRAMEWORK_HEADER = YES;
				CLANG_WARN_RANGE_LOOP_ANALYSIS = YES;
				CLANG_WARN_STRICT_PROTOTYPES = YES;
				CLANG_WARN_SUSPICIOUS_MOVE = YES;
				CLANG_WARN_UNGUARDED_AVAILABILITY = YES_AGGRESSIVE;
				CLANG_WARN_UNREACHABLE_CODE = YES;
				CLANG_WARN__DUPLICATE_METHOD_MATCH = YES;
				COPY_PHASE_STRIP = NO;
				DEBUG_INFORMATION_FORMAT = dwarf;
				ENABLE_BITCODE = NO;
				ENABLE_STRICT_OBJC_MSGSEND = YES;
				ENABLE_TESTABILITY = YES;
				GCC_C_LANGUAGE_STANDARD = gnu11;
				GCC_DYNAMIC_NO_PIC = NO;
				GCC_NO_COMMON_BLOCKS = YES;
				GCC_OPTIMIZATION_LEVEL = 0;
				GCC_PREPROCESSOR_DEFINITIONS = (
					"DEBUG=1",
					"$(inherited)",
				);
				GCC_WARN_64_TO_32_BIT_CONVERSION = YES;
				GCC_WARN_ABOUT_RETURN_TYPE = YES_ERROR;
				GCC_WARN_UNDECLARED_SELECTOR = YES;
				GCC_WARN_UNINITIALIZED_AUTOS = YES_AGGRESSIVE;
				GCC_WARN_UNUSED_FUNCTION = YES;
				GCC_WARN_UNUSED_VARIABLE = YES;
				IPHONEOS_DEPLOYMENT_TARGET = 14.5;
				MTL_ENABLE_DEBUG_INFO = INCLUDE_SOURCE;
				MTL_FAST_MATH = YES;
				ONLY_ACTIVE_ARCH = YES;
				SDKROOT = iphoneos;
				SWIFT_ACTIVE_COMPILATION_CONDITIONS = DEBUG;
				SWIFT_OPTIMIZATION_LEVEL = "-Onone";
			};
			name = Debug;
		};
		66EADD2427EF9FD600F67168 /* Release */ = {
			isa = XCBuildConfiguration;
			buildSettings = {
				ALWAYS_SEARCH_USER_PATHS = NO;
				CLANG_ANALYZER_NONNULL = YES;
				CLANG_ANALYZER_NUMBER_OBJECT_CONVERSION = YES_AGGRESSIVE;
				CLANG_CXX_LANGUAGE_STANDARD = "gnu++14";
				CLANG_CXX_LIBRARY = "libc++";
				CLANG_ENABLE_MODULES = YES;
				CLANG_ENABLE_OBJC_ARC = YES;
				CLANG_ENABLE_OBJC_WEAK = YES;
				CLANG_WARN_BLOCK_CAPTURE_AUTORELEASING = YES;
				CLANG_WARN_BOOL_CONVERSION = YES;
				CLANG_WARN_COMMA = YES;
				CLANG_WARN_CONSTANT_CONVERSION = YES;
				CLANG_WARN_DEPRECATED_OBJC_IMPLEMENTATIONS = YES;
				CLANG_WARN_DIRECT_OBJC_ISA_USAGE = YES_ERROR;
				CLANG_WARN_DOCUMENTATION_COMMENTS = YES;
				CLANG_WARN_EMPTY_BODY = YES;
				CLANG_WARN_ENUM_CONVERSION = YES;
				CLANG_WARN_INFINITE_RECURSION = YES;
				CLANG_WARN_INT_CONVERSION = YES;
				CLANG_WARN_NON_LITERAL_NULL_CONVERSION = YES;
				CLANG_WARN_OBJC_IMPLICIT_RETAIN_SELF = YES;
				CLANG_WARN_OBJC_LITERAL_CONVERSION = YES;
				CLANG_WARN_OBJC_ROOT_CLASS = YES_ERROR;
				CLANG_WARN_QUOTED_INCLUDE_IN_FRAMEWORK_HEADER = YES;
				CLANG_WARN_RANGE_LOOP_ANALYSIS = YES;
				CLANG_WARN_STRICT_PROTOTYPES = YES;
				CLANG_WARN_SUSPICIOUS_MOVE = YES;
				CLANG_WARN_UNGUARDED_AVAILABILITY = YES_AGGRESSIVE;
				CLANG_WARN_UNREACHABLE_CODE = YES;
				CLANG_WARN__DUPLICATE_METHOD_MATCH = YES;
				COPY_PHASE_STRIP = NO;
				DEBUG_INFORMATION_FORMAT = "dwarf-with-dsym";
				ENABLE_BITCODE = NO;
				ENABLE_NS_ASSERTIONS = NO;
				ENABLE_STRICT_OBJC_MSGSEND = YES;
				GCC_C_LANGUAGE_STANDARD = gnu11;
				GCC_NO_COMMON_BLOCKS = YES;
				GCC_WARN_64_TO_32_BIT_CONVERSION = YES;
				GCC_WARN_ABOUT_RETURN_TYPE = YES_ERROR;
				GCC_WARN_UNDECLARED_SELECTOR = YES;
				GCC_WARN_UNINITIALIZED_AUTOS = YES_AGGRESSIVE;
				GCC_WARN_UNUSED_FUNCTION = YES;
				GCC_WARN_UNUSED_VARIABLE = YES;
				IPHONEOS_DEPLOYMENT_TARGET = 14.5;
				MTL_ENABLE_DEBUG_INFO = NO;
				MTL_FAST_MATH = YES;
				SDKROOT = iphoneos;
				SWIFT_COMPILATION_MODE = wholemodule;
				SWIFT_OPTIMIZATION_LEVEL = "-O";
				VALIDATE_PRODUCT = YES;
			};
			name = Release;
		};
		66EADD2627EF9FD600F67168 /* Debug */ = {
			isa = XCBuildConfiguration;
			baseConfigurationReference = 97664F09D27D30CF14451FB3 /* Pods-hBowl.debug.xcconfig */;
			buildSettings = {
				ASSETCATALOG_COMPILER_APPICON_NAME = AppIcon;
				ASSETCATALOG_COMPILER_GLOBAL_ACCENT_COLOR_NAME = AccentColor;
				CODE_SIGN_STYLE = Automatic;
				DEVELOPMENT_ASSET_PATHS = "\"hBowl/Preview Content\"";
				DEVELOPMENT_TEAM = 6SFM579B5E;
				ENABLE_PREVIEWS = YES;
				INFOPLIST_FILE = hBowl/Info.plist;
				IPHONEOS_DEPLOYMENT_TARGET = 14.0;
				LD_RUNPATH_SEARCH_PATHS = (
					"$(inherited)",
					"@executable_path/Frameworks",
				);
				PRODUCT_BUNDLE_IDENTIFIER = design.rdconcepts.hudbowl;
				PRODUCT_NAME = "$(TARGET_NAME)";
				SWIFT_VERSION = 5.0;
				TARGETED_DEVICE_FAMILY = "1,2";
			};
			name = Debug;
		};
		66EADD2727EF9FD600F67168 /* Release */ = {
			isa = XCBuildConfiguration;
			baseConfigurationReference = AC7DB567B5ECB8574D6DD485 /* Pods-hBowl.release.xcconfig */;
			buildSettings = {
				ASSETCATALOG_COMPILER_APPICON_NAME = AppIcon;
				ASSETCATALOG_COMPILER_GLOBAL_ACCENT_COLOR_NAME = AccentColor;
				CODE_SIGN_STYLE = Automatic;
				DEVELOPMENT_ASSET_PATHS = "\"hBowl/Preview Content\"";
				DEVELOPMENT_TEAM = 6SFM579B5E;
				ENABLE_PREVIEWS = YES;
				INFOPLIST_FILE = hBowl/Info.plist;
				IPHONEOS_DEPLOYMENT_TARGET = 14.0;
				LD_RUNPATH_SEARCH_PATHS = (
					"$(inherited)",
					"@executable_path/Frameworks",
				);
				PRODUCT_BUNDLE_IDENTIFIER = design.rdconcepts.hudbowl;
				PRODUCT_NAME = "$(TARGET_NAME)";
				SWIFT_VERSION = 5.0;
				TARGETED_DEVICE_FAMILY = "1,2";
			};
			name = Release;
		};
/* End XCBuildConfiguration section */

/* Begin XCConfigurationList section */
		66EADD1127EF9FD500F67168 /* Build configuration list for PBXProject "hBowl" */ = {
			isa = XCConfigurationList;
			buildConfigurations = (
				66EADD2327EF9FD600F67168 /* Debug */,
				66EADD2427EF9FD600F67168 /* Release */,
			);
			defaultConfigurationIsVisible = 0;
			defaultConfigurationName = Release;
		};
		66EADD2527EF9FD600F67168 /* Build configuration list for PBXNativeTarget "hBowl" */ = {
			isa = XCConfigurationList;
			buildConfigurations = (
				66EADD2627EF9FD600F67168 /* Debug */,
				66EADD2727EF9FD600F67168 /* Release */,
			);
			defaultConfigurationIsVisible = 0;
			defaultConfigurationName = Release;
		};
/* End XCConfigurationList section */
	};
	rootObject = 66EADD0E27EF9FD500F67168 /* Project object */;
}
